// !$*UTF8*$!
{
	archiveVersion = 1;
	classes = {
	};
	objectVersion = 55;
	objects = {

/* Begin PBXBuildFile section */
		5C3B22F8279EB69A0096E507 /* AppDelegate.swift in Sources */ = {isa = PBXBuildFile; fileRef = 5C3B22F7279EB69A0096E507 /* AppDelegate.swift */; };
		5C3B22FA279EB69A0096E507 /* SceneDelegate.swift in Sources */ = {isa = PBXBuildFile; fileRef = 5C3B22F9279EB69A0096E507 /* SceneDelegate.swift */; };
		5C3B22FC279EB69A0096E507 /* ViewController.swift in Sources */ = {isa = PBXBuildFile; fileRef = 5C3B22FB279EB69A0096E507 /* ViewController.swift */; };
		5C3B22FF279EB69A0096E507 /* Main.storyboard in Resources */ = {isa = PBXBuildFile; fileRef = 5C3B22FD279EB69A0096E507 /* Main.storyboard */; };
		5C3B2301279EB69B0096E507 /* Assets.xcassets in Resources */ = {isa = PBXBuildFile; fileRef = 5C3B2300279EB69B0096E507 /* Assets.xcassets */; };
		5C3B2304279EB69B0096E507 /* LaunchScreen.storyboard in Resources */ = {isa = PBXBuildFile; fileRef = 5C3B2302279EB69B0096E507 /* LaunchScreen.storyboard */; };
		5C3B230C279EB85A0096E507 /* RecordWhistleViewController.swift in Sources */ = {isa = PBXBuildFile; fileRef = 5C3B230B279EB85A0096E507 /* RecordWhistleViewController.swift */; };
		5C632702279FCE8200632EC9 /* SelectGenreViewController.swift in Sources */ = {isa = PBXBuildFile; fileRef = 5C632701279FCE8200632EC9 /* SelectGenreViewController.swift */; };
		5C632717279FF59F00632EC9 /* AddCommentsViewController.swift in Sources */ = {isa = PBXBuildFile; fileRef = 5C632716279FF59F00632EC9 /* AddCommentsViewController.swift */; };
		5C632719279FF98900632EC9 /* SubmitViewController.swift in Sources */ = {isa = PBXBuildFile; fileRef = 5C632718279FF98900632EC9 /* SubmitViewController.swift */; };
		5C63271B27A0180400632EC9 /* Whistle.swift in Sources */ = {isa = PBXBuildFile; fileRef = 5C63271A27A0180400632EC9 /* Whistle.swift */; };
		5C63271D27A01E8100632EC9 /* ResultsViewController.swift in Sources */ = {isa = PBXBuildFile; fileRef = 5C63271C27A01E8100632EC9 /* ResultsViewController.swift */; };
/* End PBXBuildFile section */

/* Begin PBXFileReference section */
		5C3B22F4279EB69A0096E507 /* Project33.app */ = {isa = PBXFileReference; explicitFileType = wrapper.application; includeInIndex = 0; path = Project33.app; sourceTree = BUILT_PRODUCTS_DIR; };
		5C3B22F7279EB69A0096E507 /* AppDelegate.swift */ = {isa = PBXFileReference; lastKnownFileType = sourcecode.swift; path = AppDelegate.swift; sourceTree = "<group>"; };
		5C3B22F9279EB69A0096E507 /* SceneDelegate.swift */ = {isa = PBXFileReference; lastKnownFileType = sourcecode.swift; path = SceneDelegate.swift; sourceTree = "<group>"; };
		5C3B22FB279EB69A0096E507 /* ViewController.swift */ = {isa = PBXFileReference; lastKnownFileType = sourcecode.swift; path = ViewController.swift; sourceTree = "<group>"; };
		5C3B22FE279EB69A0096E507 /* Base */ = {isa = PBXFileReference; lastKnownFileType = file.storyboard; name = Base; path = Base.lproj/Main.storyboard; sourceTree = "<group>"; };
		5C3B2300279EB69B0096E507 /* Assets.xcassets */ = {isa = PBXFileReference; lastKnownFileType = folder.assetcatalog; path = Assets.xcassets; sourceTree = "<group>"; };
		5C3B2303279EB69B0096E507 /* Base */ = {isa = PBXFileReference; lastKnownFileType = file.storyboard; name = Base; path = Base.lproj/LaunchScreen.storyboard; sourceTree = "<group>"; };
		5C3B2305279EB69B0096E507 /* Info.plist */ = {isa = PBXFileReference; lastKnownFileType = text.plist.xml; path = Info.plist; sourceTree = "<group>"; };
		5C3B230B279EB85A0096E507 /* RecordWhistleViewController.swift */ = {isa = PBXFileReference; lastKnownFileType = sourcecode.swift; path = RecordWhistleViewController.swift; sourceTree = "<group>"; };
		5C632701279FCE8200632EC9 /* SelectGenreViewController.swift */ = {isa = PBXFileReference; lastKnownFileType = sourcecode.swift; path = SelectGenreViewController.swift; sourceTree = "<group>"; };
		5C632716279FF59F00632EC9 /* AddCommentsViewController.swift */ = {isa = PBXFileReference; lastKnownFileType = sourcecode.swift; path = AddCommentsViewController.swift; sourceTree = "<group>"; };
		5C632718279FF98900632EC9 /* SubmitViewController.swift */ = {isa = PBXFileReference; lastKnownFileType = sourcecode.swift; path = SubmitViewController.swift; sourceTree = "<group>"; };
		5C63271A27A0180400632EC9 /* Whistle.swift */ = {isa = PBXFileReference; lastKnownFileType = sourcecode.swift; path = Whistle.swift; sourceTree = "<group>"; };
		5C63271C27A01E8100632EC9 /* ResultsViewController.swift */ = {isa = PBXFileReference; lastKnownFileType = sourcecode.swift; path = ResultsViewController.swift; sourceTree = "<group>"; };
/* End PBXFileReference section */

/* Begin PBXFrameworksBuildPhase section */
		5C3B22F1279EB69A0096E507 /* Frameworks */ = {
			isa = PBXFrameworksBuildPhase;
			buildActionMask = 2147483647;
			files = (
			);
			runOnlyForDeploymentPostprocessing = 0;
		};
/* End PBXFrameworksBuildPhase section */

/* Begin PBXGroup section */
		5C3B22EB279EB69A0096E507 = {
			isa = PBXGroup;
			children = (
				5C3B22F6279EB69A0096E507 /* Project33 */,
				5C3B22F5279EB69A0096E507 /* Products */,
			);
			sourceTree = "<group>";
		};
		5C3B22F5279EB69A0096E507 /* Products */ = {
			isa = PBXGroup;
			children = (
				5C3B22F4279EB69A0096E507 /* Project33.app */,
			);
			name = Products;
			sourceTree = "<group>";
		};
		5C3B22F6279EB69A0096E507 /* Project33 */ = {
			isa = PBXGroup;
			children = (
				5C3B230B279EB85A0096E507 /* RecordWhistleViewController.swift */,
				5C3B22F7279EB69A0096E507 /* AppDelegate.swift */,
				5C3B22F9279EB69A0096E507 /* SceneDelegate.swift */,
				5C3B22FB279EB69A0096E507 /* ViewController.swift */,
				5C3B22FD279EB69A0096E507 /* Main.storyboard */,
				5C3B2300279EB69B0096E507 /* Assets.xcassets */,
				5C3B2302279EB69B0096E507 /* LaunchScreen.storyboard */,
				5C3B2305279EB69B0096E507 /* Info.plist */,
				5C632701279FCE8200632EC9 /* SelectGenreViewController.swift */,
				5C632716279FF59F00632EC9 /* AddCommentsViewController.swift */,
				5C632718279FF98900632EC9 /* SubmitViewController.swift */,
				5C63271A27A0180400632EC9 /* Whistle.swift */,
				5C63271C27A01E8100632EC9 /* ResultsViewController.swift */,
			);
			path = Project33;
			sourceTree = "<group>";
		};
/* End PBXGroup section */

/* Begin PBXNativeTarget section */
		5C3B22F3279EB69A0096E507 /* Project33 */ = {
			isa = PBXNativeTarget;
			buildConfigurationList = 5C3B2308279EB69B0096E507 /* Build configuration list for PBXNativeTarget "Project33" */;
			buildPhases = (
				5C3B22F0279EB69A0096E507 /* Sources */,
				5C3B22F1279EB69A0096E507 /* Frameworks */,
				5C3B22F2279EB69A0096E507 /* Resources */,
			);
			buildRules = (
			);
			dependencies = (
			);
			name = Project33;
			productName = Project33;
			productReference = 5C3B22F4279EB69A0096E507 /* Project33.app */;
			productType = "com.apple.product-type.application";
		};
/* End PBXNativeTarget section */

/* Begin PBXProject section */
		5C3B22EC279EB69A0096E507 /* Project object */ = {
			isa = PBXProject;
			attributes = {
				BuildIndependentTargetsInParallel = 1;
				LastSwiftUpdateCheck = 1310;
				LastUpgradeCheck = 1310;
				TargetAttributes = {
					5C3B22F3279EB69A0096E507 = {
						CreatedOnToolsVersion = 13.1;
					};
				};
			};
			buildConfigurationList = 5C3B22EF279EB69A0096E507 /* Build configuration list for PBXProject "Project33" */;
			compatibilityVersion = "Xcode 13.0";
			developmentRegion = en;
			hasScannedForEncodings = 0;
			knownRegions = (
				en,
				Base,
			);
			mainGroup = 5C3B22EB279EB69A0096E507;
			productRefGroup = 5C3B22F5279EB69A0096E507 /* Products */;
			projectDirPath = "";
			projectRoot = "";
			targets = (
				5C3B22F3279EB69A0096E507 /* Project33 */,
			);
		};
/* End PBXProject section */

/* Begin PBXResourcesBuildPhase section */
		5C3B22F2279EB69A0096E507 /* Resources */ = {
			isa = PBXResourcesBuildPhase;
			buildActionMask = 2147483647;
			files = (
				5C3B2304279EB69B0096E507 /* LaunchScreen.storyboard in Resources */,
				5C3B2301279EB69B0096E507 /* Assets.xcassets in Resources */,
				5C3B22FF279EB69A0096E507 /* Main.storyboard in Resources */,
			);
			runOnlyForDeploymentPostprocessing = 0;
		};
/* End PBXResourcesBuildPhase section */

/* Begin PBXSourcesBuildPhase section */
		5C3B22F0279EB69A0096E507 /* Sources */ = {
			isa = PBXSourcesBuildPhase;
			buildActionMask = 2147483647;
			files = (
				5C63271B27A0180400632EC9 /* Whistle.swift in Sources */,
				5C632719279FF98900632EC9 /* SubmitViewController.swift in Sources */,
				5C3B22FC279EB69A0096E507 /* ViewController.swift in Sources */,
				5C3B22F8279EB69A0096E507 /* AppDelegate.swift in Sources */,
				5C632702279FCE8200632EC9 /* SelectGenreViewController.swift in Sources */,
				5C63271D27A01E8100632EC9 /* ResultsViewController.swift in Sources */,
				5C3B230C279EB85A0096E507 /* RecordWhistleViewController.swift in Sources */,
				5C632717279FF59F00632EC9 /* AddCommentsViewController.swift in Sources */,
				5C3B22FA279EB69A0096E507 /* SceneDelegate.swift in Sources */,
			);
			runOnlyForDeploymentPostprocessing = 0;
		};
/* End PBXSourcesBuildPhase section */

/* Begin PBXVariantGroup section */
		5C3B22FD279EB69A0096E507 /* Main.storyboard */ = {
			isa = PBXVariantGroup;
			children = (
				5C3B22FE279EB69A0096E507 /* Base */,
			);
			name = Main.storyboard;
			sourceTree = "<group>";
		};
		5C3B2302279EB69B0096E507 /* LaunchScreen.storyboard */ = {
			isa = PBXVariantGroup;
			children = (
				5C3B2303279EB69B0096E507 /* Base */,
			);
			name = LaunchScreen.storyboard;
			sourceTree = "<group>";
		};
/* End PBXVariantGroup section */

/* Begin XCBuildConfiguration section */
		5C3B2306279EB69B0096E507 /* Debug */ = {
			isa = XCBuildConfiguration;
			buildSettings = {
				ALWAYS_SEARCH_USER_PATHS = NO;
				CLANG_ANALYZER_NONNULL = YES;
				CLANG_ANALYZER_NUMBER_OBJECT_CONVERSION = YES_AGGRESSIVE;
				CLANG_CXX_LANGUAGE_STANDARD = "gnu++17";
				CLANG_CXX_LIBRARY = "libc++";
				CLANG_ENABLE_MODULES = YES;
				CLANG_ENABLE_OBJC_ARC = YES;
				CLANG_ENABLE_OBJC_WEAK = YES;
				CLANG_WARN_BLOCK_CAPTURE_AUTORELEASING = YES;
				CLANG_WARN_BOOL_CONVERSION = YES;
				CLANG_WARN_COMMA = YES;
				CLANG_WARN_CONSTANT_CONVERSION = YES;
				CLANG_WARN_DEPRECATED_OBJC_IMPLEMENTATIONS = YES;
				CLANG_WARN_DIRECT_OBJC_ISA_USAGE = YES_ERROR;
				CLANG_WARN_DOCUMENTATION_COMMENTS = YES;
				CLANG_WARN_EMPTY_BODY = YES;
				CLANG_WARN_ENUM_CONVERSION = YES;
				CLANG_WARN_INFINITE_RECURSION = YES;
				CLANG_WARN_INT_CONVERSION = YES;
				CLANG_WARN_NON_LITERAL_NULL_CONVERSION = YES;
				CLANG_WARN_OBJC_IMPLICIT_RETAIN_SELF = YES;
				CLANG_WARN_OBJC_LITERAL_CONVERSION = YES;
				CLANG_WARN_OBJC_ROOT_CLASS = YES_ERROR;
				CLANG_WARN_QUOTED_INCLUDE_IN_FRAMEWORK_HEADER = YES;
				CLANG_WARN_RANGE_LOOP_ANALYSIS = YES;
				CLANG_WARN_STRICT_PROTOTYPES = YES;
				CLANG_WARN_SUSPICIOUS_MOVE = YES;
				CLANG_WARN_UNGUARDED_AVAILABILITY = YES_AGGRESSIVE;
				CLANG_WARN_UNREACHABLE_CODE = YES;
				CLANG_WARN__DUPLICATE_METHOD_MATCH = YES;
				COPY_PHASE_STRIP = NO;
				DEBUG_INFORMATION_FORMAT = dwarf;
				ENABLE_STRICT_OBJC_MSGSEND = YES;
				ENABLE_TESTABILITY = YES;
				GCC_C_LANGUAGE_STANDARD = gnu11;
				GCC_DYNAMIC_NO_PIC = NO;
				GCC_NO_COMMON_BLOCKS = YES;
				GCC_OPTIMIZATION_LEVEL = 0;
				GCC_PREPROCESSOR_DEFINITIONS = (
					"DEBUG=1",
					"$(inherited)",
				);
				GCC_WARN_64_TO_32_BIT_CONVERSION = YES;
				GCC_WARN_ABOUT_RETURN_TYPE = YES_ERROR;
				GCC_WARN_UNDECLARED_SELECTOR = YES;
				GCC_WARN_UNINITIALIZED_AUTOS = YES_AGGRESSIVE;
				GCC_WARN_UNUSED_FUNCTION = YES;
				GCC_WARN_UNUSED_VARIABLE = YES;
				IPHONEOS_DEPLOYMENT_TARGET = 15.0;
				MTL_ENABLE_DEBUG_INFO = INCLUDE_SOURCE;
				MTL_FAST_MATH = YES;
				ONLY_ACTIVE_ARCH = YES;
				SDKROOT = iphoneos;
				SWIFT_ACTIVE_COMPILATION_CONDITIONS = DEBUG;
				SWIFT_OPTIMIZATION_LEVEL = "-Onone";
			};
			name = Debug;
		};
		5C3B2307279EB69B0096E507 /* Release */ = {
			isa = XCBuildConfiguration;
			buildSettings = {
				ALWAYS_SEARCH_USER_PATHS = NO;
				CLANG_ANALYZER_NONNULL = YES;
				CLANG_ANALYZER_NUMBER_OBJECT_CONVERSION = YES_AGGRESSIVE;
				CLANG_CXX_LANGUAGE_STANDARD = "gnu++17";
				CLANG_CXX_LIBRARY = "libc++";
				CLANG_ENABLE_MODULES = YES;
				CLANG_ENABLE_OBJC_ARC = YES;
				CLANG_ENABLE_OBJC_WEAK = YES;
				CLANG_WARN_BLOCK_CAPTURE_AUTORELEASING = YES;
				CLANG_WARN_BOOL_CONVERSION = YES;
				CLANG_WARN_COMMA = YES;
				CLANG_WARN_CONSTANT_CONVERSION = YES;
				CLANG_WARN_DEPRECATED_OBJC_IMPLEMENTATIONS = YES;
				CLANG_WARN_DIRECT_OBJC_ISA_USAGE = YES_ERROR;
				CLANG_WARN_DOCUMENTATION_COMMENTS = YES;
				CLANG_WARN_EMPTY_BODY = YES;
				CLANG_WARN_ENUM_CONVERSION = YES;
				CLANG_WARN_INFINITE_RECURSION = YES;
				CLANG_WARN_INT_CONVERSION = YES;
				CLANG_WARN_NON_LITERAL_NULL_CONVERSION = YES;
				CLANG_WARN_OBJC_IMPLICIT_RETAIN_SELF = YES;
				CLANG_WARN_OBJC_LITERAL_CONVERSION = YES;
				CLANG_WARN_OBJC_ROOT_CLASS = YES_ERROR;
				CLANG_WARN_QUOTED_INCLUDE_IN_FRAMEWORK_HEADER = YES;
				CLANG_WARN_RANGE_LOOP_ANALYSIS = YES;
				CLANG_WARN_STRICT_PROTOTYPES = YES;
				CLANG_WARN_SUSPICIOUS_MOVE = YES;
				CLANG_WARN_UNGUARDED_AVAILABILITY = YES_AGGRESSIVE;
				CLANG_WARN_UNREACHABLE_CODE = YES;
				CLANG_WARN__DUPLICATE_METHOD_MATCH = YES;
				COPY_PHASE_STRIP = NO;
				DEBUG_INFORMATION_FORMAT = "dwarf-with-dsym";
				ENABLE_NS_ASSERTIONS = NO;
				ENABLE_STRICT_OBJC_MSGSEND = YES;
				GCC_C_LANGUAGE_STANDARD = gnu11;
				GCC_NO_COMMON_BLOCKS = YES;
				GCC_WARN_64_TO_32_BIT_CONVERSION = YES;
				GCC_WARN_ABOUT_RETURN_TYPE = YES_ERROR;
				GCC_WARN_UNDECLARED_SELECTOR = YES;
				GCC_WARN_UNINITIALIZED_AUTOS = YES_AGGRESSIVE;
				GCC_WARN_UNUSED_FUNCTION = YES;
				GCC_WARN_UNUSED_VARIABLE = YES;
				IPHONEOS_DEPLOYMENT_TARGET = 15.0;
				MTL_ENABLE_DEBUG_INFO = NO;
				MTL_FAST_MATH = YES;
				SDKROOT = iphoneos;
				SWIFT_COMPILATION_MODE = wholemodule;
				SWIFT_OPTIMIZATION_LEVEL = "-O";
				VALIDATE_PRODUCT = YES;
			};
			name = Release;
		};
		5C3B2309279EB69B0096E507 /* Debug */ = {
			isa = XCBuildConfiguration;
			buildSettings = {
				ASSETCATALOG_COMPILER_APPICON_NAME = AppIcon;
				ASSETCATALOG_COMPILER_GLOBAL_ACCENT_COLOR_NAME = AccentColor;
				CODE_SIGN_IDENTITY = "Apple Development";
				CODE_SIGN_STYLE = Automatic;
				CURRENT_PROJECT_VERSION = 1;
				DEVELOPMENT_TEAM = QC33Q3848J;
				GENERATE_INFOPLIST_FILE = YES;
				INFOPLIST_FILE = Project33/Info.plist;
				INFOPLIST_KEY_NSMicrophoneUsageDescription = "We need to record your whistle.";
				INFOPLIST_KEY_UIApplicationSupportsIndirectInputEvents = YES;
				INFOPLIST_KEY_UILaunchStoryboardName = LaunchScreen;
				INFOPLIST_KEY_UIMainStoryboardFile = Main;
				INFOPLIST_KEY_UISupportedInterfaceOrientations_iPad = "UIInterfaceOrientationPortrait UIInterfaceOrientationPortraitUpsideDown UIInterfaceOrientationLandscapeLeft UIInterfaceOrientationLandscapeRight";
				INFOPLIST_KEY_UISupportedInterfaceOrientations_iPhone = "UIInterfaceOrientationPortrait UIInterfaceOrientationLandscapeLeft UIInterfaceOrientationLandscapeRight";
				LD_RUNPATH_SEARCH_PATHS = (
					"$(inherited)",
					"@executable_path/Frameworks",
				);
				MARKETING_VERSION = 1.0;
				PRODUCT_BUNDLE_IDENTIFIER = luci666.Project33;
				PRODUCT_NAME = "$(TARGET_NAME)";
				PROVISIONING_PROFILE_SPECIFIER = "";
				SWIFT_EMIT_LOC_STRINGS = YES;
				SWIFT_VERSION = 5.0;
				TARGETED_DEVICE_FAMILY = "1,2";
			};
			name = Debug;
		};
		5C3B230A279EB69B0096E507 /* Release */ = {
			isa = XCBuildConfiguration;
			buildSettings = {
				ASSETCATALOG_COMPILER_APPICON_NAME = AppIcon;
				ASSETCATALOG_COMPILER_GLOBAL_ACCENT_COLOR_NAME = AccentColor;
				CODE_SIGN_IDENTITY = "Apple Development";
				CODE_SIGN_STYLE = Automatic;
				CURRENT_PROJECT_VERSION = 1;
				DEVELOPMENT_TEAM = QC33Q3848J;
				GENERATE_INFOPLIST_FILE = YES;
				INFOPLIST_FILE = Project33/Info.plist;
				INFOPLIST_KEY_NSMicrophoneUsageDescription = "We need to record your whistle.";
				INFOPLIST_KEY_UIApplicationSupportsIndirectInputEvents = YES;
				INFOPLIST_KEY_UILaunchStoryboardName = LaunchScreen;
				INFOPLIST_KEY_UIMainStoryboardFile = Main;
				INFOPLIST_KEY_UISupportedInterfaceOrientations_iPad = "UIInterfaceOrientationPortrait UIInterfaceOrientationPortraitUpsideDown UIInterfaceOrientationLandscapeLeft UIInterfaceOrientationLandscapeRight";
				INFOPLIST_KEY_UISupportedInterfaceOrientations_iPhone = "UIInterfaceOrientationPortrait UIInterfaceOrientationLandscapeLeft UIInterfaceOrientationLandscapeRight";
				LD_RUNPATH_SEARCH_PATHS = (
					"$(inherited)",
					"@executable_path/Frameworks",
				);
				MARKETING_VERSION = 1.0;
				PRODUCT_BUNDLE_IDENTIFIER = luci666.Project33;
				PRODUCT_NAME = "$(TARGET_NAME)";
				PROVISIONING_PROFILE_SPECIFIER = "";
				SWIFT_EMIT_LOC_STRINGS = YES;
				SWIFT_VERSION = 5.0;
				TARGETED_DEVICE_FAMILY = "1,2";
			};
			name = Release;
		};
/* End XCBuildConfiguration section */

/* Begin XCConfigurationList section */
		5C3B22EF279EB69A0096E507 /* Build configuration list for PBXProject "Project33" */ = {
			isa = XCConfigurationList;
			buildConfigurations = (
				5C3B2306279EB69B0096E507 /* Debug */,
				5C3B2307279EB69B0096E507 /* Release */,
			);
			defaultConfigurationIsVisible = 0;
			defaultConfigurationName = Release;
		};
		5C3B2308279EB69B0096E507 /* Build configuration list for PBXNativeTarget "Project33" */ = {
			isa = XCConfigurationList;
			buildConfigurations = (
				5C3B2309279EB69B0096E507 /* Debug */,
				5C3B230A279EB69B0096E507 /* Release */,
			);
			defaultConfigurationIsVisible = 0;
			defaultConfigurationName = Release;
		};
/* End XCConfigurationList section */
	};
	rootObject = 5C3B22EC279EB69A0096E507 /* Project object */;
}
